
Microsoft Visual Studio Solution File, Format Version 12.00
# Visual Studio 2012
Project("{2150E333-8FDC-42A3-9474-1A3956D46DE8}") = "src", "src", "{3A66D724-2BB6-4024-8D77-07BB67D435C1}"
EndProject
Project("{FAE04EC0-301F-11D3-BF4B-00C04F79EFBC}") = "mac_dnc2", "src\mac_dnc2\mac_dnc2.csproj", "{D5F0A611-360F-42C7-A73E-9AEFAEA04C3E}"
EndProject
Global
	GlobalSection(SolutionConfigurationPlatforms) = preSolution
		Debug|Any CPU = Debug|Any CPU
		Release|Any CPU = Release|Any CPU
	EndGlobalSection
	GlobalSection(ProjectConfigurationPlatforms) = postSolution
		{D5F0A611-360F-42C7-A73E-9AEFAEA04C3E}.Debug|Any CPU.ActiveCfg = Debug|Any CPU
		{D5F0A611-360F-42C7-A73E-9AEFAEA04C3E}.Debug|Any CPU.Build.0 = Debug|Any CPU
		{D5F0A611-360F-42C7-A73E-9AEFAEA04C3E}.Release|Any CPU.ActiveCfg = Release|Any CPU
		{D5F0A611-360F-42C7-A73E-9AEFAEA04C3E}.Release|Any CPU.Build.0 = Release|Any CPU
	EndGlobalSection
	GlobalSection(NestedProjects) = preSolution
		{D5F0A611-360F-42C7-A73E-9AEFAEA04C3E} = {3A66D724-2BB6-4024-8D77-07BB67D435C1}
	EndGlobalSection
EndGlobal
